// !$*UTF8*$!
{
	archiveVersion = 1;
	classes = {
	};
	objectVersion = 56;
	objects = {

/* Begin PBXBuildFile section */
		282538262B90F7E8002312A8 /* ListViewController.swift in Sources */ = {isa = PBXBuildFile; fileRef = 282538252B90F7E8002312A8 /* ListViewController.swift */; };
		282538292B910A97002312A8 /* DataModel.swift in Sources */ = {isa = PBXBuildFile; fileRef = 282538282B910A97002312A8 /* DataModel.swift */; };
		2825382C2B91AEDA002312A8 /* ListTableViewCell.swift in Sources */ = {isa = PBXBuildFile; fileRef = 2825382A2B91AEDA002312A8 /* ListTableViewCell.swift */; };
		2825382D2B91AEDA002312A8 /* ListTableViewCell.xib in Resources */ = {isa = PBXBuildFile; fileRef = 2825382B2B91AEDA002312A8 /* ListTableViewCell.xib */; };
		284EF92E2B8510420010E12A /* SampleTableViewController.swift in Sources */ = {isa = PBXBuildFile; fileRef = 284EF92D2B8510420010E12A /* SampleTableViewController.swift */; };
		28B575A02B9B712B00582BEE /* CreateUserModel.swift in Sources */ = {isa = PBXBuildFile; fileRef = 28B5759F2B9B712B00582BEE /* CreateUserModel.swift */; };
		28B575A22B9B75DA00582BEE /* UpdateUserDetails.swift in Sources */ = {isa = PBXBuildFile; fileRef = 28B575A12B9B75DA00582BEE /* UpdateUserDetails.swift */; };
		28FAB1CA2B7F1AE2008EDCC3 /* AppDelegate.swift in Sources */ = {isa = PBXBuildFile; fileRef = 28FAB1C92B7F1AE2008EDCC3 /* AppDelegate.swift */; };
		28FAB1CC2B7F1AE2008EDCC3 /* SceneDelegate.swift in Sources */ = {isa = PBXBuildFile; fileRef = 28FAB1CB2B7F1AE2008EDCC3 /* SceneDelegate.swift */; };
		28FAB1CE2B7F1AE2008EDCC3 /* ViewController.swift in Sources */ = {isa = PBXBuildFile; fileRef = 28FAB1CD2B7F1AE2008EDCC3 /* ViewController.swift */; };
		28FAB1D12B7F1AE2008EDCC3 /* Main.storyboard in Resources */ = {isa = PBXBuildFile; fileRef = 28FAB1CF2B7F1AE2008EDCC3 /* Main.storyboard */; };
		28FAB1D42B7F1AE2008EDCC3 /* TableView.xcdatamodeld in Sources */ = {isa = PBXBuildFile; fileRef = 28FAB1D22B7F1AE2008EDCC3 /* TableView.xcdatamodeld */; };
		28FAB1D62B7F1AE7008EDCC3 /* Assets.xcassets in Resources */ = {isa = PBXBuildFile; fileRef = 28FAB1D52B7F1AE7008EDCC3 /* Assets.xcassets */; };
		28FAB1D92B7F1AE7008EDCC3 /* LaunchScreen.storyboard in Resources */ = {isa = PBXBuildFile; fileRef = 28FAB1D72B7F1AE7008EDCC3 /* LaunchScreen.storyboard */; };
		28FAB1E42B7F1AE7008EDCC3 /* TableViewTests.swift in Sources */ = {isa = PBXBuildFile; fileRef = 28FAB1E32B7F1AE7008EDCC3 /* TableViewTests.swift */; };
		28FAB1EE2B7F1AE7008EDCC3 /* TableViewUITests.swift in Sources */ = {isa = PBXBuildFile; fileRef = 28FAB1ED2B7F1AE7008EDCC3 /* TableViewUITests.swift */; };
		28FAB1F02B7F1AE7008EDCC3 /* TableViewUITestsLaunchTests.swift in Sources */ = {isa = PBXBuildFile; fileRef = 28FAB1EF2B7F1AE7008EDCC3 /* TableViewUITestsLaunchTests.swift */; };
		28FAB1FE2B7FD15D008EDCC3 /* CustomTableViewCell.swift in Sources */ = {isa = PBXBuildFile; fileRef = 28FAB1FC2B7FD15D008EDCC3 /* CustomTableViewCell.swift */; };
		28FAB1FF2B7FD15D008EDCC3 /* CustomTableViewCell.xib in Resources */ = {isa = PBXBuildFile; fileRef = 28FAB1FD2B7FD15D008EDCC3 /* CustomTableViewCell.xib */; };
/* End PBXBuildFile section */

/* Begin PBXContainerItemProxy section */
		28FAB1E02B7F1AE7008EDCC3 /* PBXContainerItemProxy */ = {
			isa = PBXContainerItemProxy;
			containerPortal = 28FAB1BE2B7F1AE2008EDCC3 /* Project object */;
			proxyType = 1;
			remoteGlobalIDString = 28FAB1C52B7F1AE2008EDCC3;
			remoteInfo = TableView;
		};
		28FAB1EA2B7F1AE7008EDCC3 /* PBXContainerItemProxy */ = {
			isa = PBXContainerItemProxy;
			containerPortal = 28FAB1BE2B7F1AE2008EDCC3 /* Project object */;
			proxyType = 1;
			remoteGlobalIDString = 28FAB1C52B7F1AE2008EDCC3;
			remoteInfo = TableView;
		};
/* End PBXContainerItemProxy section */

/* Begin PBXFileReference section */
		282538252B90F7E8002312A8 /* ListViewController.swift */ = {isa = PBXFileReference; lastKnownFileType = sourcecode.swift; path = ListViewController.swift; sourceTree = "<group>"; };
		282538282B910A97002312A8 /* DataModel.swift */ = {isa = PBXFileReference; lastKnownFileType = sourcecode.swift; path = DataModel.swift; sourceTree = "<group>"; };
		2825382A2B91AEDA002312A8 /* ListTableViewCell.swift */ = {isa = PBXFileReference; lastKnownFileType = sourcecode.swift; path = ListTableViewCell.swift; sourceTree = "<group>"; };
		2825382B2B91AEDA002312A8 /* ListTableViewCell.xib */ = {isa = PBXFileReference; lastKnownFileType = file.xib; path = ListTableViewCell.xib; sourceTree = "<group>"; };
		284EF92D2B8510420010E12A /* SampleTableViewController.swift */ = {isa = PBXFileReference; lastKnownFileType = sourcecode.swift; path = SampleTableViewController.swift; sourceTree = "<group>"; };
		28B5759F2B9B712B00582BEE /* CreateUserModel.swift */ = {isa = PBXFileReference; lastKnownFileType = sourcecode.swift; path = CreateUserModel.swift; sourceTree = "<group>"; };
		28B575A12B9B75DA00582BEE /* UpdateUserDetails.swift */ = {isa = PBXFileReference; lastKnownFileType = sourcecode.swift; path = UpdateUserDetails.swift; sourceTree = "<group>"; };
		28FAB1C62B7F1AE2008EDCC3 /* TableView.app */ = {isa = PBXFileReference; explicitFileType = wrapper.application; includeInIndex = 0; path = TableView.app; sourceTree = BUILT_PRODUCTS_DIR; };
		28FAB1C92B7F1AE2008EDCC3 /* AppDelegate.swift */ = {isa = PBXFileReference; lastKnownFileType = sourcecode.swift; path = AppDelegate.swift; sourceTree = "<group>"; };
		28FAB1CB2B7F1AE2008EDCC3 /* SceneDelegate.swift */ = {isa = PBXFileReference; lastKnownFileType = sourcecode.swift; path = SceneDelegate.swift; sourceTree = "<group>"; };
		28FAB1CD2B7F1AE2008EDCC3 /* ViewController.swift */ = {isa = PBXFileReference; lastKnownFileType = sourcecode.swift; path = ViewController.swift; sourceTree = "<group>"; };
		28FAB1D02B7F1AE2008EDCC3 /* Base */ = {isa = PBXFileReference; lastKnownFileType = file.storyboard; name = Base; path = Base.lproj/Main.storyboard; sourceTree = "<group>"; };
		28FAB1D32B7F1AE2008EDCC3 /* TableView.xcdatamodel */ = {isa = PBXFileReference; lastKnownFileType = wrapper.xcdatamodel; path = TableView.xcdatamodel; sourceTree = "<group>"; };
		28FAB1D52B7F1AE7008EDCC3 /* Assets.xcassets */ = {isa = PBXFileReference; lastKnownFileType = folder.assetcatalog; path = Assets.xcassets; sourceTree = "<group>"; };
		28FAB1D82B7F1AE7008EDCC3 /* Base */ = {isa = PBXFileReference; lastKnownFileType = file.storyboard; name = Base; path = Base.lproj/LaunchScreen.storyboard; sourceTree = "<group>"; };
		28FAB1DA2B7F1AE7008EDCC3 /* Info.plist */ = {isa = PBXFileReference; lastKnownFileType = text.plist.xml; path = Info.plist; sourceTree = "<group>"; };
		28FAB1DF2B7F1AE7008EDCC3 /* TableViewTests.xctest */ = {isa = PBXFileReference; explicitFileType = wrapper.cfbundle; includeInIndex = 0; path = TableViewTests.xctest; sourceTree = BUILT_PRODUCTS_DIR; };
		28FAB1E32B7F1AE7008EDCC3 /* TableViewTests.swift */ = {isa = PBXFileReference; lastKnownFileType = sourcecode.swift; path = TableViewTests.swift; sourceTree = "<group>"; };
		28FAB1E92B7F1AE7008EDCC3 /* TableViewUITests.xctest */ = {isa = PBXFileReference; explicitFileType = wrapper.cfbundle; includeInIndex = 0; path = TableViewUITests.xctest; sourceTree = BUILT_PRODUCTS_DIR; };
		28FAB1ED2B7F1AE7008EDCC3 /* TableViewUITests.swift */ = {isa = PBXFileReference; lastKnownFileType = sourcecode.swift; path = TableViewUITests.swift; sourceTree = "<group>"; };
		28FAB1EF2B7F1AE7008EDCC3 /* TableViewUITestsLaunchTests.swift */ = {isa = PBXFileReference; lastKnownFileType = sourcecode.swift; path = TableViewUITestsLaunchTests.swift; sourceTree = "<group>"; };
		28FAB1FC2B7FD15D008EDCC3 /* CustomTableViewCell.swift */ = {isa = PBXFileReference; lastKnownFileType = sourcecode.swift; path = CustomTableViewCell.swift; sourceTree = "<group>"; };
		28FAB1FD2B7FD15D008EDCC3 /* CustomTableViewCell.xib */ = {isa = PBXFileReference; lastKnownFileType = file.xib; path = CustomTableViewCell.xib; sourceTree = "<group>"; };
/* End PBXFileReference section */

/* Begin PBXFrameworksBuildPhase section */
		28FAB1C32B7F1AE2008EDCC3 /* Frameworks */ = {
			isa = PBXFrameworksBuildPhase;
			buildActionMask = 2147483647;
			files = (
			);
			runOnlyForDeploymentPostprocessing = 0;
		};
		28FAB1DC2B7F1AE7008EDCC3 /* Frameworks */ = {
			isa = PBXFrameworksBuildPhase;
			buildActionMask = 2147483647;
			files = (
			);
			runOnlyForDeploymentPostprocessing = 0;
		};
		28FAB1E62B7F1AE7008EDCC3 /* Frameworks */ = {
			isa = PBXFrameworksBuildPhase;
			buildActionMask = 2147483647;
			files = (
			);
			runOnlyForDeploymentPostprocessing = 0;
		};
/* End PBXFrameworksBuildPhase section */

/* Begin PBXGroup section */
		282538242B90F7B2002312A8 /* TableviewPractice */ = {
			isa = PBXGroup;
			children = (
				28FAB1FC2B7FD15D008EDCC3 /* CustomTableViewCell.swift */,
				284EF92D2B8510420010E12A /* SampleTableViewController.swift */,
				28FAB1FD2B7FD15D008EDCC3 /* CustomTableViewCell.xib */,
			);
			path = TableviewPractice;
			sourceTree = "<group>";
		};
		282538272B90F7EE002312A8 /* API */ = {
			isa = PBXGroup;
			children = (
				282538252B90F7E8002312A8 /* ListViewController.swift */,
				282538282B910A97002312A8 /* DataModel.swift */,
				2825382A2B91AEDA002312A8 /* ListTableViewCell.swift */,
				2825382B2B91AEDA002312A8 /* ListTableViewCell.xib */,
				28B5759F2B9B712B00582BEE /* CreateUserModel.swift */,
				28B575A12B9B75DA00582BEE /* UpdateUserDetails.swift */,
			);
			path = API;
			sourceTree = "<group>";
		};
		28FAB1BD2B7F1AE2008EDCC3 = {
			isa = PBXGroup;
			children = (
				28FAB1C82B7F1AE2008EDCC3 /* TableView */,
				28FAB1E22B7F1AE7008EDCC3 /* TableViewTests */,
				28FAB1EC2B7F1AE7008EDCC3 /* TableViewUITests */,
				28FAB1C72B7F1AE2008EDCC3 /* Products */,
			);
			sourceTree = "<group>";
		};
		28FAB1C72B7F1AE2008EDCC3 /* Products */ = {
			isa = PBXGroup;
			children = (
				28FAB1C62B7F1AE2008EDCC3 /* TableView.app */,
				28FAB1DF2B7F1AE7008EDCC3 /* TableViewTests.xctest */,
				28FAB1E92B7F1AE7008EDCC3 /* TableViewUITests.xctest */,
			);
			name = Products;
			sourceTree = "<group>";
		};
		28FAB1C82B7F1AE2008EDCC3 /* TableView */ = {
			isa = PBXGroup;
			children = (
				282538272B90F7EE002312A8 /* API */,
				282538242B90F7B2002312A8 /* TableviewPractice */,
				28FAB1C92B7F1AE2008EDCC3 /* AppDelegate.swift */,
				28FAB1CB2B7F1AE2008EDCC3 /* SceneDelegate.swift */,
				28FAB1CD2B7F1AE2008EDCC3 /* ViewController.swift */,
				28FAB1CF2B7F1AE2008EDCC3 /* Main.storyboard */,
				28FAB1D52B7F1AE7008EDCC3 /* Assets.xcassets */,
				28FAB1D72B7F1AE7008EDCC3 /* LaunchScreen.storyboard */,
				28FAB1DA2B7F1AE7008EDCC3 /* Info.plist */,
				28FAB1D22B7F1AE2008EDCC3 /* TableView.xcdatamodeld */,
			);
			path = TableView;
			sourceTree = "<group>";
		};
		28FAB1E22B7F1AE7008EDCC3 /* TableViewTests */ = {
			isa = PBXGroup;
			children = (
				28FAB1E32B7F1AE7008EDCC3 /* TableViewTests.swift */,
			);
			path = TableViewTests;
			sourceTree = "<group>";
		};
		28FAB1EC2B7F1AE7008EDCC3 /* TableViewUITests */ = {
			isa = PBXGroup;
			children = (
				28FAB1ED2B7F1AE7008EDCC3 /* TableViewUITests.swift */,
				28FAB1EF2B7F1AE7008EDCC3 /* TableViewUITestsLaunchTests.swift */,
			);
			path = TableViewUITests;
			sourceTree = "<group>";
		};
/* End PBXGroup section */

/* Begin PBXNativeTarget section */
		28FAB1C52B7F1AE2008EDCC3 /* TableView */ = {
			isa = PBXNativeTarget;
			buildConfigurationList = 28FAB1F32B7F1AE7008EDCC3 /* Build configuration list for PBXNativeTarget "TableView" */;
			buildPhases = (
				28FAB1C22B7F1AE2008EDCC3 /* Sources */,
				28FAB1C32B7F1AE2008EDCC3 /* Frameworks */,
				28FAB1C42B7F1AE2008EDCC3 /* Resources */,
			);
			buildRules = (
			);
			dependencies = (
			);
			name = TableView;
			productName = TableView;
			productReference = 28FAB1C62B7F1AE2008EDCC3 /* TableView.app */;
			productType = "com.apple.product-type.application";
		};
		28FAB1DE2B7F1AE7008EDCC3 /* TableViewTests */ = {
			isa = PBXNativeTarget;
			buildConfigurationList = 28FAB1F62B7F1AE7008EDCC3 /* Build configuration list for PBXNativeTarget "TableViewTests" */;
			buildPhases = (
				28FAB1DB2B7F1AE7008EDCC3 /* Sources */,
				28FAB1DC2B7F1AE7008EDCC3 /* Frameworks */,
				28FAB1DD2B7F1AE7008EDCC3 /* Resources */,
			);
			buildRules = (
			);
			dependencies = (
				28FAB1E12B7F1AE7008EDCC3 /* PBXTargetDependency */,
			);
			name = TableViewTests;
			productName = TableViewTests;
			productReference = 28FAB1DF2B7F1AE7008EDCC3 /* TableViewTests.xctest */;
			productType = "com.apple.product-type.bundle.unit-test";
		};
		28FAB1E82B7F1AE7008EDCC3 /* TableViewUITests */ = {
			isa = PBXNativeTarget;
			buildConfigurationList = 28FAB1F92B7F1AE7008EDCC3 /* Build configuration list for PBXNativeTarget "TableViewUITests" */;
			buildPhases = (
				28FAB1E52B7F1AE7008EDCC3 /* Sources */,
				28FAB1E62B7F1AE7008EDCC3 /* Frameworks */,
				28FAB1E72B7F1AE7008EDCC3 /* Resources */,
			);
			buildRules = (
			);
			dependencies = (
				28FAB1EB2B7F1AE7008EDCC3 /* PBXTargetDependency */,
			);
			name = TableViewUITests;
			productName = TableViewUITests;
			productReference = 28FAB1E92B7F1AE7008EDCC3 /* TableViewUITests.xctest */;
			productType = "com.apple.product-type.bundle.ui-testing";
		};
/* End PBXNativeTarget section */

/* Begin PBXProject section */
		28FAB1BE2B7F1AE2008EDCC3 /* Project object */ = {
			isa = PBXProject;
			attributes = {
				BuildIndependentTargetsInParallel = 1;
				LastSwiftUpdateCheck = 1520;
				LastUpgradeCheck = 1520;
				TargetAttributes = {
					28FAB1C52B7F1AE2008EDCC3 = {
						CreatedOnToolsVersion = 15.2;
					};
					28FAB1DE2B7F1AE7008EDCC3 = {
						CreatedOnToolsVersion = 15.2;
						TestTargetID = 28FAB1C52B7F1AE2008EDCC3;
					};
					28FAB1E82B7F1AE7008EDCC3 = {
						CreatedOnToolsVersion = 15.2;
						TestTargetID = 28FAB1C52B7F1AE2008EDCC3;
					};
				};
			};
			buildConfigurationList = 28FAB1C12B7F1AE2008EDCC3 /* Build configuration list for PBXProject "TableView" */;
			compatibilityVersion = "Xcode 14.0";
			developmentRegion = en;
			hasScannedForEncodings = 0;
			knownRegions = (
				en,
				Base,
			);
			mainGroup = 28FAB1BD2B7F1AE2008EDCC3;
			productRefGroup = 28FAB1C72B7F1AE2008EDCC3 /* Products */;
			projectDirPath = "";
			projectRoot = "";
			targets = (
				28FAB1C52B7F1AE2008EDCC3 /* TableView */,
				28FAB1DE2B7F1AE7008EDCC3 /* TableViewTests */,
				28FAB1E82B7F1AE7008EDCC3 /* TableViewUITests */,
			);
		};
/* End PBXProject section */

/* Begin PBXResourcesBuildPhase section */
		28FAB1C42B7F1AE2008EDCC3 /* Resources */ = {
			isa = PBXResourcesBuildPhase;
			buildActionMask = 2147483647;
			files = (
				28FAB1D92B7F1AE7008EDCC3 /* LaunchScreen.storyboard in Resources */,
				28FAB1D62B7F1AE7008EDCC3 /* Assets.xcassets in Resources */,
				28FAB1FF2B7FD15D008EDCC3 /* CustomTableViewCell.xib in Resources */,
				28FAB1D12B7F1AE2008EDCC3 /* Main.storyboard in Resources */,
				2825382D2B91AEDA002312A8 /* ListTableViewCell.xib in Resources */,
			);
			runOnlyForDeploymentPostprocessing = 0;
		};
		28FAB1DD2B7F1AE7008EDCC3 /* Resources */ = {
			isa = PBXResourcesBuildPhase;
			buildActionMask = 2147483647;
			files = (
			);
			runOnlyForDeploymentPostprocessing = 0;
		};
		28FAB1E72B7F1AE7008EDCC3 /* Resources */ = {
			isa = PBXResourcesBuildPhase;
			buildActionMask = 2147483647;
			files = (
			);
			runOnlyForDeploymentPostprocessing = 0;
		};
/* End PBXResourcesBuildPhase section */

/* Begin PBXSourcesBuildPhase section */
		28FAB1C22B7F1AE2008EDCC3 /* Sources */ = {
			isa = PBXSourcesBuildPhase;
			buildActionMask = 2147483647;
			files = (
				28B575A02B9B712B00582BEE /* CreateUserModel.swift in Sources */,
				28FAB1CE2B7F1AE2008EDCC3 /* ViewController.swift in Sources */,
				28FAB1FE2B7FD15D008EDCC3 /* CustomTableViewCell.swift in Sources */,
				28FAB1D42B7F1AE2008EDCC3 /* TableView.xcdatamodeld in Sources */,
				28FAB1CA2B7F1AE2008EDCC3 /* AppDelegate.swift in Sources */,
				28FAB1CC2B7F1AE2008EDCC3 /* SceneDelegate.swift in Sources */,
				28B575A22B9B75DA00582BEE /* UpdateUserDetails.swift in Sources */,
				2825382C2B91AEDA002312A8 /* ListTableViewCell.swift in Sources */,
				282538292B910A97002312A8 /* DataModel.swift in Sources */,
				284EF92E2B8510420010E12A /* SampleTableViewController.swift in Sources */,
				282538262B90F7E8002312A8 /* ListViewController.swift in Sources */,
			);
			runOnlyForDeploymentPostprocessing = 0;
		};
		28FAB1DB2B7F1AE7008EDCC3 /* Sources */ = {
			isa = PBXSourcesBuildPhase;
			buildActionMask = 2147483647;
			files = (
				28FAB1E42B7F1AE7008EDCC3 /* TableViewTests.swift in Sources */,
			);
			runOnlyForDeploymentPostprocessing = 0;
		};
		28FAB1E52B7F1AE7008EDCC3 /* Sources */ = {
			isa = PBXSourcesBuildPhase;
			buildActionMask = 2147483647;
			files = (
				28FAB1F02B7F1AE7008EDCC3 /* TableViewUITestsLaunchTests.swift in Sources */,
				28FAB1EE2B7F1AE7008EDCC3 /* TableViewUITests.swift in Sources */,
			);
			runOnlyForDeploymentPostprocessing = 0;
		};
/* End PBXSourcesBuildPhase section */

/* Begin PBXTargetDependency section */
		28FAB1E12B7F1AE7008EDCC3 /* PBXTargetDependency */ = {
			isa = PBXTargetDependency;
			target = 28FAB1C52B7F1AE2008EDCC3 /* TableView */;
			targetProxy = 28FAB1E02B7F1AE7008EDCC3 /* PBXContainerItemProxy */;
		};
		28FAB1EB2B7F1AE7008EDCC3 /* PBXTargetDependency */ = {
			isa = PBXTargetDependency;
			target = 28FAB1C52B7F1AE2008EDCC3 /* TableView */;
			targetProxy = 28FAB1EA2B7F1AE7008EDCC3 /* PBXContainerItemProxy */;
		};
/* End PBXTargetDependency section */

/* Begin PBXVariantGroup section */
		28FAB1CF2B7F1AE2008EDCC3 /* Main.storyboard */ = {
			isa = PBXVariantGroup;
			children = (
				28FAB1D02B7F1AE2008EDCC3 /* Base */,
			);
			name = Main.storyboard;
			sourceTree = "<group>";
		};
		28FAB1D72B7F1AE7008EDCC3 /* LaunchScreen.storyboard */ = {
			isa = PBXVariantGroup;
			children = (
				28FAB1D82B7F1AE7008EDCC3 /* Base */,
			);
			name = LaunchScreen.storyboard;
			sourceTree = "<group>";
		};
/* End PBXVariantGroup section */

/* Begin XCBuildConfiguration section */
		28FAB1F12B7F1AE7008EDCC3 /* Debug */ = {
			isa = XCBuildConfiguration;
			buildSettings = {
				ALWAYS_SEARCH_USER_PATHS = NO;
				ASSETCATALOG_COMPILER_GENERATE_SWIFT_ASSET_SYMBOL_EXTENSIONS = YES;
				CLANG_ANALYZER_NONNULL = YES;
				CLANG_ANALYZER_NUMBER_OBJECT_CONVERSION = YES_AGGRESSIVE;
				CLANG_CXX_LANGUAGE_STANDARD = "gnu++20";
				CLANG_ENABLE_MODULES = YES;
				CLANG_ENABLE_OBJC_ARC = YES;
				CLANG_ENABLE_OBJC_WEAK = YES;
				CLANG_WARN_BLOCK_CAPTURE_AUTORELEASING = YES;
				CLANG_WARN_BOOL_CONVERSION = YES;
				CLANG_WARN_COMMA = YES;
				CLANG_WARN_CONSTANT_CONVERSION = YES;
				CLANG_WARN_DEPRECATED_OBJC_IMPLEMENTATIONS = YES;
				CLANG_WARN_DIRECT_OBJC_ISA_USAGE = YES_ERROR;
				CLANG_WARN_DOCUMENTATION_COMMENTS = YES;
				CLANG_WARN_EMPTY_BODY = YES;
				CLANG_WARN_ENUM_CONVERSION = YES;
				CLANG_WARN_INFINITE_RECURSION = YES;
				CLANG_WARN_INT_CONVERSION = YES;
				CLANG_WARN_NON_LITERAL_NULL_CONVERSION = YES;
				CLANG_WARN_OBJC_IMPLICIT_RETAIN_SELF = YES;
				CLANG_WARN_OBJC_LITERAL_CONVERSION = YES;
				CLANG_WARN_OBJC_ROOT_CLASS = YES_ERROR;
				CLANG_WARN_QUOTED_INCLUDE_IN_FRAMEWORK_HEADER = YES;
				CLANG_WARN_RANGE_LOOP_ANALYSIS = YES;
				CLANG_WARN_STRICT_PROTOTYPES = YES;
				CLANG_WARN_SUSPICIOUS_MOVE = YES;
				CLANG_WARN_UNGUARDED_AVAILABILITY = YES_AGGRESSIVE;
				CLANG_WARN_UNREACHABLE_CODE = YES;
				CLANG_WARN__DUPLICATE_METHOD_MATCH = YES;
				COPY_PHASE_STRIP = NO;
				DEBUG_INFORMATION_FORMAT = dwarf;
				ENABLE_STRICT_OBJC_MSGSEND = YES;
				ENABLE_TESTABILITY = YES;
				ENABLE_USER_SCRIPT_SANDBOXING = YES;
				GCC_C_LANGUAGE_STANDARD = gnu17;
				GCC_DYNAMIC_NO_PIC = NO;
				GCC_NO_COMMON_BLOCKS = YES;
				GCC_OPTIMIZATION_LEVEL = 0;
				GCC_PREPROCESSOR_DEFINITIONS = (
					"DEBUG=1",
					"$(inherited)",
				);
				GCC_WARN_64_TO_32_BIT_CONVERSION = YES;
				GCC_WARN_ABOUT_RETURN_TYPE = YES_ERROR;
				GCC_WARN_UNDECLARED_SELECTOR = YES;
				GCC_WARN_UNINITIALIZED_AUTOS = YES_AGGRESSIVE;
				GCC_WARN_UNUSED_FUNCTION = YES;
				GCC_WARN_UNUSED_VARIABLE = YES;
				IPHONEOS_DEPLOYMENT_TARGET = 15.0;
				LOCALIZATION_PREFERS_STRING_CATALOGS = YES;
				MTL_ENABLE_DEBUG_INFO = INCLUDE_SOURCE;
				MTL_FAST_MATH = YES;
				ONLY_ACTIVE_ARCH = YES;
				SDKROOT = iphoneos;
				SWIFT_ACTIVE_COMPILATION_CONDITIONS = "DEBUG $(inherited)";
				SWIFT_OPTIMIZATION_LEVEL = "-Onone";
			};
			name = Debug;
		};
		28FAB1F22B7F1AE7008EDCC3 /* Release */ = {
			isa = XCBuildConfiguration;
			buildSettings = {
				ALWAYS_SEARCH_USER_PATHS = NO;
				ASSETCATALOG_COMPILER_GENERATE_SWIFT_ASSET_SYMBOL_EXTENSIONS = YES;
				CLANG_ANALYZER_NONNULL = YES;
				CLANG_ANALYZER_NUMBER_OBJECT_CONVERSION = YES_AGGRESSIVE;
				CLANG_CXX_LANGUAGE_STANDARD = "gnu++20";
				CLANG_ENABLE_MODULES = YES;
				CLANG_ENABLE_OBJC_ARC = YES;
				CLANG_ENABLE_OBJC_WEAK = YES;
				CLANG_WARN_BLOCK_CAPTURE_AUTORELEASING = YES;
				CLANG_WARN_BOOL_CONVERSION = YES;
				CLANG_WARN_COMMA = YES;
				CLANG_WARN_CONSTANT_CONVERSION = YES;
				CLANG_WARN_DEPRECATED_OBJC_IMPLEMENTATIONS = YES;
				CLANG_WARN_DIRECT_OBJC_ISA_USAGE = YES_ERROR;
				CLANG_WARN_DOCUMENTATION_COMMENTS = YES;
				CLANG_WARN_EMPTY_BODY = YES;
				CLANG_WARN_ENUM_CONVERSION = YES;
				CLANG_WARN_INFINITE_RECURSION = YES;
				CLANG_WARN_INT_CONVERSION = YES;
				CLANG_WARN_NON_LITERAL_NULL_CONVERSION = YES;
				CLANG_WARN_OBJC_IMPLICIT_RETAIN_SELF = YES;
				CLANG_WARN_OBJC_LITERAL_CONVERSION = YES;
				CLANG_WARN_OBJC_ROOT_CLASS = YES_ERROR;
				CLANG_WARN_QUOTED_INCLUDE_IN_FRAMEWORK_HEADER = YES;
				CLANG_WARN_RANGE_LOOP_ANALYSIS = YES;
				CLANG_WARN_STRICT_PROTOTYPES = YES;
				CLANG_WARN_SUSPICIOUS_MOVE = YES;
				CLANG_WARN_UNGUARDED_AVAILABILITY = YES_AGGRESSIVE;
				CLANG_WARN_UNREACHABLE_CODE = YES;
				CLANG_WARN__DUPLICATE_METHOD_MATCH = YES;
				COPY_PHASE_STRIP = NO;
				DEBUG_INFORMATION_FORMAT = "dwarf-with-dsym";
				ENABLE_NS_ASSERTIONS = NO;
				ENABLE_STRICT_OBJC_MSGSEND = YES;
				ENABLE_USER_SCRIPT_SANDBOXING = YES;
				GCC_C_LANGUAGE_STANDARD = gnu17;
				GCC_NO_COMMON_BLOCKS = YES;
				GCC_WARN_64_TO_32_BIT_CONVERSION = YES;
				GCC_WARN_ABOUT_RETURN_TYPE = YES_ERROR;
				GCC_WARN_UNDECLARED_SELECTOR = YES;
				GCC_WARN_UNINITIALIZED_AUTOS = YES_AGGRESSIVE;
				GCC_WARN_UNUSED_FUNCTION = YES;
				GCC_WARN_UNUSED_VARIABLE = YES;
				IPHONEOS_DEPLOYMENT_TARGET = 15.0;
				LOCALIZATION_PREFERS_STRING_CATALOGS = YES;
				MTL_ENABLE_DEBUG_INFO = NO;
				MTL_FAST_MATH = YES;
				SDKROOT = iphoneos;
				SWIFT_COMPILATION_MODE = wholemodule;
				VALIDATE_PRODUCT = YES;
			};
			name = Release;
		};
		28FAB1F42B7F1AE7008EDCC3 /* Debug */ = {
			isa = XCBuildConfiguration;
			buildSettings = {
				ASSETCATALOG_COMPILER_APPICON_NAME = AppIcon;
				ASSETCATALOG_COMPILER_GLOBAL_ACCENT_COLOR_NAME = AccentColor;
				CODE_SIGN_STYLE = Automatic;
				CURRENT_PROJECT_VERSION = 1;
				DEVELOPMENT_TEAM = 954A6XS692;
				GENERATE_INFOPLIST_FILE = YES;
				INFOPLIST_FILE = TableView/Info.plist;
				INFOPLIST_KEY_UIApplicationSupportsIndirectInputEvents = YES;
				INFOPLIST_KEY_UILaunchStoryboardName = LaunchScreen;
				INFOPLIST_KEY_UIMainStoryboardFile = Main;
				INFOPLIST_KEY_UISupportedInterfaceOrientations_iPad = "UIInterfaceOrientationPortrait UIInterfaceOrientationPortraitUpsideDown UIInterfaceOrientationLandscapeLeft UIInterfaceOrientationLandscapeRight";
				INFOPLIST_KEY_UISupportedInterfaceOrientations_iPhone = "UIInterfaceOrientationPortrait UIInterfaceOrientationLandscapeLeft UIInterfaceOrientationLandscapeRight";
				LD_RUNPATH_SEARCH_PATHS = (
					"$(inherited)",
					"@executable_path/Frameworks",
				);
				MARKETING_VERSION = 1.0;
				PRODUCT_BUNDLE_IDENTIFIER = nandini.SegmentedControls.TableView;
				PRODUCT_NAME = "$(TARGET_NAME)";
				SWIFT_EMIT_LOC_STRINGS = YES;
				SWIFT_VERSION = 5.0;
				TARGETED_DEVICE_FAMILY = "1,2";
			};
			name = Debug;
		};
		28FAB1F52B7F1AE7008EDCC3 /* Release */ = {
			isa = XCBuildConfiguration;
			buildSettings = {
				ASSETCATALOG_COMPILER_APPICON_NAME = AppIcon;
				ASSETCATALOG_COMPILER_GLOBAL_ACCENT_COLOR_NAME = AccentColor;
				CODE_SIGN_STYLE = Automatic;
				CURRENT_PROJECT_VERSION = 1;
				DEVELOPMENT_TEAM = 954A6XS692;
				GENERATE_INFOPLIST_FILE = YES;
				INFOPLIST_FILE = TableView/Info.plist;
				INFOPLIST_KEY_UIApplicationSupportsIndirectInputEvents = YES;
				INFOPLIST_KEY_UILaunchStoryboardName = LaunchScreen;
				INFOPLIST_KEY_UIMainStoryboardFile = Main;
				INFOPLIST_KEY_UISupportedInterfaceOrientations_iPad = "UIInterfaceOrientationPortrait UIInterfaceOrientationPortraitUpsideDown UIInterfaceOrientationLandscapeLeft UIInterfaceOrientationLandscapeRight";
				INFOPLIST_KEY_UISupportedInterfaceOrientations_iPhone = "UIInterfaceOrientationPortrait UIInterfaceOrientationLandscapeLeft UIInterfaceOrientationLandscapeRight";
				LD_RUNPATH_SEARCH_PATHS = (
					"$(inherited)",
					"@executable_path/Frameworks",
				);
				MARKETING_VERSION = 1.0;
				PRODUCT_BUNDLE_IDENTIFIER = nandini.SegmentedControls.TableView;
				PRODUCT_NAME = "$(TARGET_NAME)";
				SWIFT_EMIT_LOC_STRINGS = YES;
				SWIFT_VERSION = 5.0;
				TARGETED_DEVICE_FAMILY = "1,2";
			};
			name = Release;
		};
		28FAB1F72B7F1AE7008EDCC3 /* Debug */ = {
			isa = XCBuildConfiguration;
			buildSettings = {
				ALWAYS_EMBED_SWIFT_STANDARD_LIBRARIES = YES;
				BUNDLE_LOADER = "$(TEST_HOST)";
				CODE_SIGN_STYLE = Automatic;
				CURRENT_PROJECT_VERSION = 1;
				DEVELOPMENT_TEAM = 954A6XS692;
				GENERATE_INFOPLIST_FILE = YES;
				IPHONEOS_DEPLOYMENT_TARGET = 17.2;
				MARKETING_VERSION = 1.0;
				PRODUCT_BUNDLE_IDENTIFIER = nandini.SegmentedControls.TableViewTests;
				PRODUCT_NAME = "$(TARGET_NAME)";
				SWIFT_EMIT_LOC_STRINGS = NO;
				SWIFT_VERSION = 5.0;
				TARGETED_DEVICE_FAMILY = "1,2";
				TEST_HOST = "$(BUILT_PRODUCTS_DIR)/TableView.app/$(BUNDLE_EXECUTABLE_FOLDER_PATH)/TableView";
			};
			name = Debug;
		};
		28FAB1F82B7F1AE7008EDCC3 /* Release */ = {
			isa = XCBuildConfiguration;
			buildSettings = {
				ALWAYS_EMBED_SWIFT_STANDARD_LIBRARIES = YES;
				BUNDLE_LOADER = "$(TEST_HOST)";
				CODE_SIGN_STYLE = Automatic;
				CURRENT_PROJECT_VERSION = 1;
				DEVELOPMENT_TEAM = 954A6XS692;
				GENERATE_INFOPLIST_FILE = YES;
				IPHONEOS_DEPLOYMENT_TARGET = 17.2;
				MARKETING_VERSION = 1.0;
				PRODUCT_BUNDLE_IDENTIFIER = nandini.SegmentedControls.TableViewTests;
				PRODUCT_NAME = "$(TARGET_NAME)";
				SWIFT_EMIT_LOC_STRINGS = NO;
				SWIFT_VERSION = 5.0;
				TARGETED_DEVICE_FAMILY = "1,2";
				TEST_HOST = "$(BUILT_PRODUCTS_DIR)/TableView.app/$(BUNDLE_EXECUTABLE_FOLDER_PATH)/TableView";
			};
			name = Release;
		};
		28FAB1FA2B7F1AE7008EDCC3 /* Debug */ = {
			isa = XCBuildConfiguration;
			buildSettings = {
				ALWAYS_EMBED_SWIFT_STANDARD_LIBRARIES = YES;
				CODE_SIGN_STYLE = Automatic;
				CURRENT_PROJECT_VERSION = 1;
				DEVELOPMENT_TEAM = 954A6XS692;
				GENERATE_INFOPLIST_FILE = YES;
				MARKETING_VERSION = 1.0;
				PRODUCT_BUNDLE_IDENTIFIER = nandini.SegmentedControls.TableViewUITests;
				PRODUCT_NAME = "$(TARGET_NAME)";
				SWIFT_EMIT_LOC_STRINGS = NO;
				SWIFT_VERSION = 5.0;
				TARGETED_DEVICE_FAMILY = "1,2";
				TEST_TARGET_NAME = TableView;
			};
			name = Debug;
		};
		28FAB1FB2B7F1AE7008EDCC3 /* Release */ = {
			isa = XCBuildConfiguration;
			buildSettings = {
				ALWAYS_EMBED_SWIFT_STANDARD_LIBRARIES = YES;
				CODE_SIGN_STYLE = Automatic;
				CURRENT_PROJECT_VERSION = 1;
				DEVELOPMENT_TEAM = 954A6XS692;
				GENERATE_INFOPLIST_FILE = YES;
				MARKETING_VERSION = 1.0;
				PRODUCT_BUNDLE_IDENTIFIER = nandini.SegmentedControls.TableViewUITests;
				PRODUCT_NAME = "$(TARGET_NAME)";
				SWIFT_EMIT_LOC_STRINGS = NO;
				SWIFT_VERSION = 5.0;
				TARGETED_DEVICE_FAMILY = "1,2";
				TEST_TARGET_NAME = TableView;
			};
			name = Release;
		};
/* End XCBuildConfiguration section */

/* Begin XCConfigurationList section */
		28FAB1C12B7F1AE2008EDCC3 /* Build configuration list for PBXProject "TableView" */ = {
			isa = XCConfigurationList;
			buildConfigurations = (
				28FAB1F12B7F1AE7008EDCC3 /* Debug */,
				28FAB1F22B7F1AE7008EDCC3 /* Release */,
			);
			defaultConfigurationIsVisible = 0;
			defaultConfigurationName = Release;
		};
		28FAB1F32B7F1AE7008EDCC3 /* Build configuration list for PBXNativeTarget "TableView" */ = {
			isa = XCConfigurationList;
			buildConfigurations = (
				28FAB1F42B7F1AE7008EDCC3 /* Debug */,
				28FAB1F52B7F1AE7008EDCC3 /* Release */,
			);
			defaultConfigurationIsVisible = 0;
			defaultConfigurationName = Release;
		};
		28FAB1F62B7F1AE7008EDCC3 /* Build configuration list for PBXNativeTarget "TableViewTests" */ = {
			isa = XCConfigurationList;
			buildConfigurations = (
				28FAB1F72B7F1AE7008EDCC3 /* Debug */,
				28FAB1F82B7F1AE7008EDCC3 /* Release */,
			);
			defaultConfigurationIsVisible = 0;
			defaultConfigurationName = Release;
		};
		28FAB1F92B7F1AE7008EDCC3 /* Build configuration list for PBXNativeTarget "TableViewUITests" */ = {
			isa = XCConfigurationList;
			buildConfigurations = (
				28FAB1FA2B7F1AE7008EDCC3 /* Debug */,
				28FAB1FB2B7F1AE7008EDCC3 /* Release */,
			);
			defaultConfigurationIsVisible = 0;
			defaultConfigurationName = Release;
		};
/* End XCConfigurationList section */

/* Begin XCVersionGroup section */
		28FAB1D22B7F1AE2008EDCC3 /* TableView.xcdatamodeld */ = {
			isa = XCVersionGroup;
			children = (
				28FAB1D32B7F1AE2008EDCC3 /* TableView.xcdatamodel */,
			);
			currentVersion = 28FAB1D32B7F1AE2008EDCC3 /* TableView.xcdatamodel */;
			path = TableView.xcdatamodeld;
			sourceTree = "<group>";
			versionGroupType = wrapper.xcdatamodel;
		};
/* End XCVersionGroup section */
	};
	rootObject = 28FAB1BE2B7F1AE2008EDCC3 /* Project object */;
}
